
Microsoft Visual Studio Solution File, Format Version 12.00
# Visual Studio Version 16
VisualStudioVersion = 16.0.29728.190
MinimumVisualStudioVersion = 10.0.40219.1
Project("{2150E333-8FDC-42A3-9474-1A3956D46DE8}") = "Solution Items", "Solution Items", "{4D77CB96-40D1-46FD-9800-01340D118701}"
	ProjectSection(SolutionItems) = preProject
		.editorconfig = .editorconfig
	EndProjectSection
EndProject
Project("{9A19103F-16F7-4668-BE54-9A1E7A4F7556}") = "route-making-tool", "route-making-tool\route-making-tool.csproj", "{C1496574-E036-47FD-97DD-6A03E825A515}"
EndProject
Global
	GlobalSection(SolutionConfigurationPlatforms) = preSolution
		Debug|Any CPU = Debug|Any CPU
		Release|Any CPU = Release|Any CPU
	EndGlobalSection
	GlobalSection(ProjectConfigurationPlatforms) = postSolution
		{C1496574-E036-47FD-97DD-6A03E825A515}.Debug|Any CPU.ActiveCfg = Debug|Any CPU
		{C1496574-E036-47FD-97DD-6A03E825A515}.Debug|Any CPU.Build.0 = Debug|Any CPU
		{C1496574-E036-47FD-97DD-6A03E825A515}.Release|Any CPU.ActiveCfg = Release|Any CPU
		{C1496574-E036-47FD-97DD-6A03E825A515}.Release|Any CPU.Build.0 = Release|Any CPU
	EndGlobalSection
	GlobalSection(SolutionProperties) = preSolution
		HideSolutionNode = FALSE
	EndGlobalSection
	GlobalSection(NestedProjects) = preSolution
		{C1496574-E036-47FD-97DD-6A03E825A515} = {4D77CB96-40D1-46FD-9800-01340D118701}
	EndGlobalSection
	GlobalSection(ExtensibilityGlobals) = postSolution
		SolutionGuid = {E89EDB5F-A6D7-4B18-AE83-F8BD0403193D}
	EndGlobalSection
EndGlobal
